
Microsoft Visual Studio Solution File, Format Version 12.00
# Visual Studio Version 17
VisualStudioVersion = 17.0.31903.59
MinimumVisualStudioVersion = 10.0.40219.1
Project("{FAE04EC0-301F-11D3-BF4B-00C04F79EFBC}") = "HotelBookingBlazor", "HotelBookingBlazor\HotelBookingBlazor.csproj", "{362856EE-5ACB-4E3C-B666-54C34DD3B53A}"
EndProject
Global
	GlobalSection(SolutionConfigurationPlatforms) = preSolution
		Debug|Any CPU = Debug|Any CPU
		Release|Any CPU = Release|Any CPU
	EndGlobalSection
	GlobalSection(ProjectConfigurationPlatforms) = postSolution
		{362856EE-5ACB-4E3C-B666-54C34DD3B53A}.Debug|Any CPU.ActiveCfg = Debug|Any CPU
		{362856EE-5ACB-4E3C-B666-54C34DD3B53A}.Debug|Any CPU.Build.0 = Debug|Any CPU
		{362856EE-5ACB-4E3C-B666-54C34DD3B53A}.Release|Any CPU.ActiveCfg = Release|Any CPU
		{362856EE-5ACB-4E3C-B666-54C34DD3B53A}.Release|Any CPU.Build.0 = Release|Any CPU
	EndGlobalSection
	GlobalSection(SolutionProperties) = preSolution
		HideSolutionNode = FALSE
	EndGlobalSection
	GlobalSection(ExtensibilityGlobals) = postSolution
		SolutionGuid = {818F8E8A-2401-4300-9A70-EF898FE3C351}
	EndGlobalSection
EndGlobal
